
Microsoft Visual Studio Solution File, Format Version 12.00
# Visual Studio Version 17
VisualStudioVersion = 17.9.34723.18
MinimumVisualStudioVersion = 10.0.40219.1
Project("{8BC9CEB8-8B4A-11D0-8D11-00A0C91BC942}") = "Sandbox", "Sandbox\Sandbox.vcxproj", "{B48FE5A2-8E19-48AC-9700-7C498BD18CDE}"
EndProject
Project("{8BC9CEB8-8B4A-11D0-8D11-00A0C91BC942}") = "Takko", "Takko\Takko.vcxproj", "{812BA693-8A52-4DED-BD5B-8CC47FC55694}"
EndProject
Global
	GlobalSection(SolutionConfigurationPlatforms) = preSolution
		Debug|x64 = Debug|x64
		Release|x64 = Release|x64
	EndGlobalSection
	GlobalSection(ProjectConfigurationPlatforms) = postSolution
		{812BA693-8A52-4DED-BD5B-8CC47FC55694}.Debug|x64.ActiveCfg = Debug|x64
		{812BA693-8A52-4DED-BD5B-8CC47FC55694}.Debug|x64.Build.0 = Debug|x64
		{812BA693-8A52-4DED-BD5B-8CC47FC55694}.Release|x64.ActiveCfg = Release|x64
		{812BA693-8A52-4DED-BD5B-8CC47FC55694}.Release|x64.Build.0 = Release|x64
		{B48FE5A2-8E19-48AC-9700-7C498BD18CDE}.Debug|x64.ActiveCfg = Debug|x64
		{B48FE5A2-8E19-48AC-9700-7C498BD18CDE}.Debug|x64.Build.0 = Debug|x64
		{B48FE5A2-8E19-48AC-9700-7C498BD18CDE}.Release|x64.ActiveCfg = Release|x64
		{B48FE5A2-8E19-48AC-9700-7C498BD18CDE}.Release|x64.Build.0 = Release|x64
	EndGlobalSection
	GlobalSection(SolutionProperties) = preSolution
		HideSolutionNode = FALSE
	EndGlobalSection
	GlobalSection(ExtensibilityGlobals) = postSolution
		SolutionGuid = {C89E7E41-635B-46CF-9B68-7FE993EAA561}
	EndGlobalSection
EndGlobal
